
Microsoft Visual Studio Solution File, Format Version 12.00
# Visual Studio Version 17
VisualStudioVersion = 17.10.35013.160
MinimumVisualStudioVersion = 10.0.40219.1
Project("{FAE04EC0-301F-11D3-BF4B-00C04F79EFBC}") = "Cat Bot", "Cat Bot.csproj", "{FE7E6257-27ED-40B6-A5D1-5684EFD31EE2}"
EndProject
Global
	GlobalSection(SolutionConfigurationPlatforms) = preSolution
		Debug|Any CPU = Debug|Any CPU
		Release|Any CPU = Release|Any CPU
	EndGlobalSection
	GlobalSection(ProjectConfigurationPlatforms) = postSolution
		{FE7E6257-27ED-40B6-A5D1-5684EFD31EE2}.Debug|Any CPU.ActiveCfg = Debug|Any CPU
		{FE7E6257-27ED-40B6-A5D1-5684EFD31EE2}.Debug|Any CPU.Build.0 = Debug|Any CPU
		{FE7E6257-27ED-40B6-A5D1-5684EFD31EE2}.Release|Any CPU.ActiveCfg = Release|Any CPU
		{FE7E6257-27ED-40B6-A5D1-5684EFD31EE2}.Release|Any CPU.Build.0 = Release|Any CPU
	EndGlobalSection
	GlobalSection(SolutionProperties) = preSolution
		HideSolutionNode = FALSE
	EndGlobalSection
	GlobalSection(ExtensibilityGlobals) = postSolution
		SolutionGuid = {D85837C4-52FA-4DF1-8F77-0A965880D213}
	EndGlobalSection
EndGlobal
